// !$*UTF8*$!
{
	archiveVersion = 1;
	classes = {
	};
	objectVersion = 55;
	objects = {

/* Begin PBXBuildFile section */
		0979807727F6ECDD0034DE5E /* WeatherAppTests.swift in Sources */ = {isa = PBXBuildFile; fileRef = 0979807627F6ECDD0034DE5E /* WeatherAppTests.swift */; };
		0979807F27F6F85F0034DE5E /* Cities.json in Resources */ = {isa = PBXBuildFile; fileRef = 2DD4A48DEC99D8B66CF1D4BB /* Cities.json */; };
		09F8E53427F5B17B00F8CF9E /* ComposableArchitecture in Frameworks */ = {isa = PBXBuildFile; productRef = 09F8E53327F5B17B00F8CF9E /* ComposableArchitecture */; };
		09F8E53627F5B1B400F8CF9E /* ComposableArchitecture in Frameworks */ = {isa = PBXBuildFile; productRef = 09F8E53527F5B1B400F8CF9E /* ComposableArchitecture */; };
		2DD4A03FD8DF6E69B087B19C /* OneCallModel.swift in Sources */ = {isa = PBXBuildFile; fileRef = 2DD4A0AAEC3309B973D7B85C /* OneCallModel.swift */; };
		2DD4A0A577AA10EDDE79CAFA /* Store.swift in Sources */ = {isa = PBXBuildFile; fileRef = 2DD4A3C416A47F0FD3A9369D /* Store.swift */; };
		2DD4A0B3D945C615C3A9F8AB /* CityView.swift in Sources */ = {isa = PBXBuildFile; fileRef = 2DD4ADEE73AD1523C7D58AF7 /* CityView.swift */; };
		2DD4A0FC2C0ED54B630A9CAD /* OneCallRequest.swift in Sources */ = {isa = PBXBuildFile; fileRef = 2DD4A516F065E2B1D56FB728 /* OneCallRequest.swift */; };
		2DD4A182B66837A39D9590C2 /* Helpers.swift in Sources */ = {isa = PBXBuildFile; fileRef = 2DD4A5C3735A0651D5E90BEC /* Helpers.swift */; };
		2DD4A21377888E8083E882CF /* AppState.swift in Sources */ = {isa = PBXBuildFile; fileRef = 2DD4A7BD61035BC5CA410FA2 /* AppState.swift */; };
		2DD4A245B64950586DB890A5 /* Helpers.swift in Sources */ = {isa = PBXBuildFile; fileRef = 2DD4A5C3735A0651D5E90BEC /* Helpers.swift */; };
		2DD4A2B42A3BBEBB1DCEE15F /* OneCallRequest.swift in Sources */ = {isa = PBXBuildFile; fileRef = 2DD4A516F065E2B1D56FB728 /* OneCallRequest.swift */; };
		2DD4A2C3C7392797FB2D97C0 /* CityViewModel.swift in Sources */ = {isa = PBXBuildFile; fileRef = 2DD4AE09EF4543E228B4AEFB /* CityViewModel.swift */; };
		2DD4A2D7377AA6B53B0EB0E3 /* CityView.swift in Sources */ = {isa = PBXBuildFile; fileRef = 2DD4ADEE73AD1523C7D58AF7 /* CityView.swift */; };
		2DD4A331AA51888F6CC5AF8A /* AppAction.swift in Sources */ = {isa = PBXBuildFile; fileRef = 2DD4A79D53294A446279CC7D /* AppAction.swift */; };
		2DD4A395D3720D00CB30AD18 /* Cities.json in Resources */ = {isa = PBXBuildFile; fileRef = 2DD4A48DEC99D8B66CF1D4BB /* Cities.json */; };
		2DD4A47929C6DEEBD65D7B3B /* FindModel.swift in Sources */ = {isa = PBXBuildFile; fileRef = 2DD4A9648712DA7876CDB559 /* FindModel.swift */; };
		2DD4A49CAFAC01016694FAD6 /* SearchView.swift in Sources */ = {isa = PBXBuildFile; fileRef = 2DD4ADD4014192D2BBEE3A96 /* SearchView.swift */; };
		2DD4A4BB1E142A984DDDA99E /* SearchView.swift in Sources */ = {isa = PBXBuildFile; fileRef = 2DD4ADD4014192D2BBEE3A96 /* SearchView.swift */; };
		2DD4A4E519D1B2D0B72A0A15 /* AppError.swift in Sources */ = {isa = PBXBuildFile; fileRef = 2DD4AA3F58655974B261A5EB /* AppError.swift */; };
		2DD4A5232871174EDE81C507 /* FileStorage.swift in Sources */ = {isa = PBXBuildFile; fileRef = 2DD4AC81862725044BF0B250 /* FileStorage.swift */; };
		2DD4A5681EFA062E6386137C /* FindModel.swift in Sources */ = {isa = PBXBuildFile; fileRef = 2DD4A9648712DA7876CDB559 /* FindModel.swift */; };
		2DD4A5BDF07C5B9F6FC023C5 /* AppError.swift in Sources */ = {isa = PBXBuildFile; fileRef = 2DD4AA3F58655974B261A5EB /* AppError.swift */; };
		2DD4A6A3B5B079A4550AF7AE /* AppState.swift in Sources */ = {isa = PBXBuildFile; fileRef = 2DD4A7BD61035BC5CA410FA2 /* AppState.swift */; };
		2DD4A822B5B0BC3A58CA43F5 /* DailyForecastDetailView.swift in Sources */ = {isa = PBXBuildFile; fileRef = 2DD4A9D929C2A3DA0F365D0D /* DailyForecastDetailView.swift */; };
		2DD4A90B5D784573B7F8B96E /* DailyForecastDetailView.swift in Sources */ = {isa = PBXBuildFile; fileRef = 2DD4A9D929C2A3DA0F365D0D /* DailyForecastDetailView.swift */; };
		2DD4A90C0BF3A4601BCD6957 /* CityViewModel.swift in Sources */ = {isa = PBXBuildFile; fileRef = 2DD4AE09EF4543E228B4AEFB /* CityViewModel.swift */; };
		2DD4A98EC3643E051F408F1A /* Store.swift in Sources */ = {isa = PBXBuildFile; fileRef = 2DD4A3C416A47F0FD3A9369D /* Store.swift */; };
		2DD4AB09F382F6374C636728 /* OneCallModel.swift in Sources */ = {isa = PBXBuildFile; fileRef = 2DD4A0AAEC3309B973D7B85C /* OneCallModel.swift */; };
		2DD4AB0A455816CECFFB4290 /* AppCommand.swift in Sources */ = {isa = PBXBuildFile; fileRef = 2DD4A1CE4D7498709E83F04D /* AppCommand.swift */; };
		2DD4AB65BDD704FB3596E6AF /* Cities.json in Resources */ = {isa = PBXBuildFile; fileRef = 2DD4A48DEC99D8B66CF1D4BB /* Cities.json */; };
		2DD4AC263F5E5211F67B6EC0 /* AppCommand.swift in Sources */ = {isa = PBXBuildFile; fileRef = 2DD4A1CE4D7498709E83F04D /* AppCommand.swift */; };
		2DD4ADCCE31C23E215A13223 /* FindRequest.swift in Sources */ = {isa = PBXBuildFile; fileRef = 2DD4AF5F546C35C2729E85A0 /* FindRequest.swift */; };
		2DD4ADD0C7261822BCC8993F /* FindRequest.swift in Sources */ = {isa = PBXBuildFile; fileRef = 2DD4AF5F546C35C2729E85A0 /* FindRequest.swift */; };
		2DD4AEB5967B88CC9654206E /* WeatherItems.swift in Sources */ = {isa = PBXBuildFile; fileRef = 2DD4AACF70AD827AF79D5A2C /* WeatherItems.swift */; };
		2DD4AEDBED8084AABAD915C2 /* FileStorage.swift in Sources */ = {isa = PBXBuildFile; fileRef = 2DD4AC81862725044BF0B250 /* FileStorage.swift */; };
		2DD4AF2A754DCE30BFAF01B0 /* AppAction.swift in Sources */ = {isa = PBXBuildFile; fileRef = 2DD4A79D53294A446279CC7D /* AppAction.swift */; };
		2DD4AFDBCC25F2819D6695D8 /* WeatherItems.swift in Sources */ = {isa = PBXBuildFile; fileRef = 2DD4AACF70AD827AF79D5A2C /* WeatherItems.swift */; };
		589A2274424B3451934F3C4A /* WeatherClient.swift in Sources */ = {isa = PBXBuildFile; fileRef = 589A2F41C4D97C802C88A717 /* WeatherClient.swift */; };
		589A25ED006D2E0B9BF356F9 /* SearchState.swift in Sources */ = {isa = PBXBuildFile; fileRef = 589A219D0C60D6D2BF0D79BF /* SearchState.swift */; };
		589A2E449AA23C2A1083DB31 /* SearchState.swift in Sources */ = {isa = PBXBuildFile; fileRef = 589A219D0C60D6D2BF0D79BF /* SearchState.swift */; };
		589A2E72DDC0A1878E63FBB1 /* WeatherClient.swift in Sources */ = {isa = PBXBuildFile; fileRef = 589A2F41C4D97C802C88A717 /* WeatherClient.swift */; };
		5CADBF7927E8E16D006BEF44 /* Kingfisher in Frameworks */ = {isa = PBXBuildFile; productRef = 5CADBF7827E8E16D006BEF44 /* Kingfisher */; };
		5CB711DF27E72AE200876C83 /* WeatherApp.swift in Sources */ = {isa = PBXBuildFile; fileRef = 5CB711CF27E72AE100876C83 /* WeatherApp.swift */; };
		5CB711E027E72AE200876C83 /* WeatherApp.swift in Sources */ = {isa = PBXBuildFile; fileRef = 5CB711CF27E72AE100876C83 /* WeatherApp.swift */; };
		5CB711E327E72AE200876C83 /* Assets.xcassets in Resources */ = {isa = PBXBuildFile; fileRef = 5CB711D127E72AE200876C83 /* Assets.xcassets */; };
		5CB711E427E72AE200876C83 /* Assets.xcassets in Resources */ = {isa = PBXBuildFile; fileRef = 5CB711D127E72AE200876C83 /* Assets.xcassets */; };
		5CCEE9C627E86547007428C2 /* Kingfisher in Frameworks */ = {isa = PBXBuildFile; productRef = 5CCEE9C527E86547007428C2 /* Kingfisher */; };
/* End PBXBuildFile section */

/* Begin PBXContainerItemProxy section */
		0979807827F6ECDD0034DE5E /* PBXContainerItemProxy */ = {
			isa = PBXContainerItemProxy;
			containerPortal = 5CB711CA27E72AE100876C83 /* Project object */;
			proxyType = 1;
			remoteGlobalIDString = 5CB711D527E72AE200876C83;
			remoteInfo = "WeatherApp (iOS)";
		};
/* End PBXContainerItemProxy section */

/* Begin PBXFileReference section */
		0979807427F6ECDD0034DE5E /* WeatherAppTests.xctest */ = {isa = PBXFileReference; explicitFileType = wrapper.cfbundle; includeInIndex = 0; path = WeatherAppTests.xctest; sourceTree = BUILT_PRODUCTS_DIR; };
		0979807627F6ECDD0034DE5E /* WeatherAppTests.swift */ = {isa = PBXFileReference; lastKnownFileType = sourcecode.swift; path = WeatherAppTests.swift; sourceTree = "<group>"; };
		2DD4A0AAEC3309B973D7B85C /* OneCallModel.swift */ = {isa = PBXFileReference; fileEncoding = 4; lastKnownFileType = sourcecode.swift; path = OneCallModel.swift; sourceTree = "<group>"; };
		2DD4A1CE4D7498709E83F04D /* AppCommand.swift */ = {isa = PBXFileReference; fileEncoding = 4; lastKnownFileType = sourcecode.swift; path = AppCommand.swift; sourceTree = "<group>"; };
		2DD4A3C416A47F0FD3A9369D /* Store.swift */ = {isa = PBXFileReference; fileEncoding = 4; lastKnownFileType = sourcecode.swift; path = Store.swift; sourceTree = "<group>"; };
		2DD4A48DEC99D8B66CF1D4BB /* Cities.json */ = {isa = PBXFileReference; fileEncoding = 4; lastKnownFileType = text.json; path = Cities.json; sourceTree = "<group>"; };
		2DD4A516F065E2B1D56FB728 /* OneCallRequest.swift */ = {isa = PBXFileReference; fileEncoding = 4; lastKnownFileType = sourcecode.swift; path = OneCallRequest.swift; sourceTree = "<group>"; };
		2DD4A5C3735A0651D5E90BEC /* Helpers.swift */ = {isa = PBXFileReference; fileEncoding = 4; lastKnownFileType = sourcecode.swift; path = Helpers.swift; sourceTree = "<group>"; };
		2DD4A79D53294A446279CC7D /* AppAction.swift */ = {isa = PBXFileReference; fileEncoding = 4; lastKnownFileType = sourcecode.swift; path = AppAction.swift; sourceTree = "<group>"; };
		2DD4A7BD61035BC5CA410FA2 /* AppState.swift */ = {isa = PBXFileReference; fileEncoding = 4; lastKnownFileType = sourcecode.swift; path = AppState.swift; sourceTree = "<group>"; };
		2DD4A9648712DA7876CDB559 /* FindModel.swift */ = {isa = PBXFileReference; fileEncoding = 4; lastKnownFileType = sourcecode.swift; path = FindModel.swift; sourceTree = "<group>"; };
		2DD4A9D929C2A3DA0F365D0D /* DailyForecastDetailView.swift */ = {isa = PBXFileReference; fileEncoding = 4; lastKnownFileType = sourcecode.swift; path = DailyForecastDetailView.swift; sourceTree = "<group>"; };
		2DD4AA3F58655974B261A5EB /* AppError.swift */ = {isa = PBXFileReference; fileEncoding = 4; lastKnownFileType = sourcecode.swift; path = AppError.swift; sourceTree = "<group>"; };
		2DD4AACF70AD827AF79D5A2C /* WeatherItems.swift */ = {isa = PBXFileReference; fileEncoding = 4; lastKnownFileType = sourcecode.swift; path = WeatherItems.swift; sourceTree = "<group>"; };
		2DD4AB05CBC3261578F319BA /* WeatherApp (iOS).entitlements */ = {isa = PBXFileReference; fileEncoding = 4; lastKnownFileType = text.plist.entitlements; path = "WeatherApp (iOS).entitlements"; sourceTree = "<group>"; };
		2DD4AC81862725044BF0B250 /* FileStorage.swift */ = {isa = PBXFileReference; fileEncoding = 4; lastKnownFileType = sourcecode.swift; path = FileStorage.swift; sourceTree = "<group>"; };
		2DD4ADD4014192D2BBEE3A96 /* SearchView.swift */ = {isa = PBXFileReference; fileEncoding = 4; lastKnownFileType = sourcecode.swift; path = SearchView.swift; sourceTree = "<group>"; };
		2DD4ADEE73AD1523C7D58AF7 /* CityView.swift */ = {isa = PBXFileReference; fileEncoding = 4; lastKnownFileType = sourcecode.swift; path = CityView.swift; sourceTree = "<group>"; };
		2DD4AE09EF4543E228B4AEFB /* CityViewModel.swift */ = {isa = PBXFileReference; fileEncoding = 4; lastKnownFileType = sourcecode.swift; path = CityViewModel.swift; sourceTree = "<group>"; };
		2DD4AF5F546C35C2729E85A0 /* FindRequest.swift */ = {isa = PBXFileReference; fileEncoding = 4; lastKnownFileType = sourcecode.swift; path = FindRequest.swift; sourceTree = "<group>"; };
		589A219D0C60D6D2BF0D79BF /* SearchState.swift */ = {isa = PBXFileReference; fileEncoding = 4; lastKnownFileType = sourcecode.swift; path = SearchState.swift; sourceTree = "<group>"; };
		589A2F41C4D97C802C88A717 /* WeatherClient.swift */ = {isa = PBXFileReference; fileEncoding = 4; lastKnownFileType = sourcecode.swift; path = WeatherClient.swift; sourceTree = "<group>"; };
		5CB711CF27E72AE100876C83 /* WeatherApp.swift */ = {isa = PBXFileReference; lastKnownFileType = sourcecode.swift; path = WeatherApp.swift; sourceTree = "<group>"; };
		5CB711D127E72AE200876C83 /* Assets.xcassets */ = {isa = PBXFileReference; lastKnownFileType = folder.assetcatalog; path = Assets.xcassets; sourceTree = "<group>"; };
		5CB711D627E72AE200876C83 /* WeatherApp.app */ = {isa = PBXFileReference; explicitFileType = wrapper.application; includeInIndex = 0; path = WeatherApp.app; sourceTree = BUILT_PRODUCTS_DIR; };
		5CB711DC27E72AE200876C83 /* WeatherApp.app */ = {isa = PBXFileReference; explicitFileType = wrapper.application; includeInIndex = 0; path = WeatherApp.app; sourceTree = BUILT_PRODUCTS_DIR; };
		5CB711DE27E72AE200876C83 /* macOS.entitlements */ = {isa = PBXFileReference; lastKnownFileType = text.plist.entitlements; path = macOS.entitlements; sourceTree = "<group>"; };
/* End PBXFileReference section */

/* Begin PBXFrameworksBuildPhase section */
		0979807127F6ECDD0034DE5E /* Frameworks */ = {
			isa = PBXFrameworksBuildPhase;
			buildActionMask = 2147483647;
			files = (
			);
			runOnlyForDeploymentPostprocessing = 0;
		};
		5CB711D327E72AE200876C83 /* Frameworks */ = {
			isa = PBXFrameworksBuildPhase;
			buildActionMask = 2147483647;
			files = (
				09F8E53427F5B17B00F8CF9E /* ComposableArchitecture in Frameworks */,
				5CADBF7927E8E16D006BEF44 /* Kingfisher in Frameworks */,
			);
			runOnlyForDeploymentPostprocessing = 0;
		};
		5CB711D927E72AE200876C83 /* Frameworks */ = {
			isa = PBXFrameworksBuildPhase;
			buildActionMask = 2147483647;
			files = (
				09F8E53627F5B1B400F8CF9E /* ComposableArchitecture in Frameworks */,
				5CCEE9C627E86547007428C2 /* Kingfisher in Frameworks */,
			);
			runOnlyForDeploymentPostprocessing = 0;
		};
/* End PBXFrameworksBuildPhase section */

/* Begin PBXGroup section */
		0979807527F6ECDD0034DE5E /* WeatherAppTests */ = {
			isa = PBXGroup;
			children = (
				0979807627F6ECDD0034DE5E /* WeatherAppTests.swift */,
			);
			path = WeatherAppTests;
			sourceTree = "<group>";
		};
		2DD4A16006EB20D82E54424E /* JSON */ = {
			isa = PBXGroup;
			children = (
				2DD4A48DEC99D8B66CF1D4BB /* Cities.json */,
			);
			path = JSON;
			sourceTree = "<group>";
		};
		2DD4A1DC6850EDCC09B9F5EA /* ViewModel */ = {
			isa = PBXGroup;
			children = (
				2DD4AE09EF4543E228B4AEFB /* CityViewModel.swift */,
			);
			path = ViewModel;
			sourceTree = "<group>";
		};
		2DD4A27EDA437BA6BF09A8ED /* State */ = {
			isa = PBXGroup;
			children = (
				2DD4A792AD1A793DBAED30D3 /* DataFlow */,
				2DD4AF8DCD6F5A558420AF85 /* Networking */,
				2DD4A342F32EBFD36E838806 /* FileIO */,
				589A219D0C60D6D2BF0D79BF /* SearchState.swift */,
			);
			path = State;
			sourceTree = "<group>";
		};
		2DD4A33CE0860E02FE1D2D9C /* View */ = {
			isa = PBXGroup;
			children = (
				2DD4ADD4014192D2BBEE3A96 /* SearchView.swift */,
				2DD4ACD8DD30095970D10B0D /* Forecast */,
			);
			path = View;
			sourceTree = "<group>";
		};
		2DD4A342F32EBFD36E838806 /* FileIO */ = {
			isa = PBXGroup;
			children = (
				2DD4AC81862725044BF0B250 /* FileStorage.swift */,
			);
			path = FileIO;
			sourceTree = "<group>";
		};
		2DD4A4C7E01DEE2592812331 /* DataModel */ = {
			isa = PBXGroup;
			children = (
				2DD4A0AAEC3309B973D7B85C /* OneCallModel.swift */,
				2DD4A9648712DA7876CDB559 /* FindModel.swift */,
			);
			path = DataModel;
			sourceTree = "<group>";
		};
		2DD4A6433F48C324D04F1131 /* Utils */ = {
			isa = PBXGroup;
			children = (
				2DD4A5C3735A0651D5E90BEC /* Helpers.swift */,
			);
			path = Utils;
			sourceTree = "<group>";
		};
		2DD4A792AD1A793DBAED30D3 /* DataFlow */ = {
			isa = PBXGroup;
			children = (
				2DD4A3C416A47F0FD3A9369D /* Store.swift */,
				2DD4A7BD61035BC5CA410FA2 /* AppState.swift */,
				2DD4A79D53294A446279CC7D /* AppAction.swift */,
				2DD4A1CE4D7498709E83F04D /* AppCommand.swift */,
				2DD4AA3F58655974B261A5EB /* AppError.swift */,
			);
			path = DataFlow;
			sourceTree = "<group>";
		};
		2DD4ACD8DD30095970D10B0D /* Forecast */ = {
			isa = PBXGroup;
			children = (
				2DD4ADEE73AD1523C7D58AF7 /* CityView.swift */,
				2DD4A9D929C2A3DA0F365D0D /* DailyForecastDetailView.swift */,
				2DD4AACF70AD827AF79D5A2C /* WeatherItems.swift */,
			);
			path = Forecast;
			sourceTree = "<group>";
		};
		2DD4AD75121AEE4E2D0EA71F /* Model */ = {
			isa = PBXGroup;
			children = (
				2DD4A4C7E01DEE2592812331 /* DataModel */,
				2DD4A1DC6850EDCC09B9F5EA /* ViewModel */,
			);
			path = Model;
			sourceTree = "<group>";
		};
		2DD4AF8DCD6F5A558420AF85 /* Networking */ = {
			isa = PBXGroup;
			children = (
				2DD4AF5F546C35C2729E85A0 /* FindRequest.swift */,
				2DD4A516F065E2B1D56FB728 /* OneCallRequest.swift */,
				589A2F41C4D97C802C88A717 /* WeatherClient.swift */,
			);
			path = Networking;
			sourceTree = "<group>";
		};
		5CADBF7727E8E16D006BEF44 /* Frameworks */ = {
			isa = PBXGroup;
			children = (
			);
			name = Frameworks;
			sourceTree = "<group>";
		};
		5CB711C927E72AE100876C83 = {
			isa = PBXGroup;
			children = (
				5CB711CE27E72AE100876C83 /* Shared */,
				5CB711DD27E72AE200876C83 /* macOS */,
				5CC6D4A927E982250001E02E /* Catalyst */,
				0979807527F6ECDD0034DE5E /* WeatherAppTests */,
				5CB711D727E72AE200876C83 /* Products */,
				5CADBF7727E8E16D006BEF44 /* Frameworks */,
			);
			sourceTree = "<group>";
		};
		5CB711CE27E72AE100876C83 /* Shared */ = {
			isa = PBXGroup;
			children = (
				5CB711CF27E72AE100876C83 /* WeatherApp.swift */,
				5CB711D127E72AE200876C83 /* Assets.xcassets */,
				2DD4A6433F48C324D04F1131 /* Utils */,
				2DD4A27EDA437BA6BF09A8ED /* State */,
				2DD4AD75121AEE4E2D0EA71F /* Model */,
				2DD4A33CE0860E02FE1D2D9C /* View */,
				2DD4A16006EB20D82E54424E /* JSON */,
			);
			path = Shared;
			sourceTree = "<group>";
		};
		5CB711D727E72AE200876C83 /* Products */ = {
			isa = PBXGroup;
			children = (
				5CB711D627E72AE200876C83 /* WeatherApp.app */,
				5CB711DC27E72AE200876C83 /* WeatherApp.app */,
				0979807427F6ECDD0034DE5E /* WeatherAppTests.xctest */,
			);
			name = Products;
			sourceTree = "<group>";
		};
		5CB711DD27E72AE200876C83 /* macOS */ = {
			isa = PBXGroup;
			children = (
				5CB711DE27E72AE200876C83 /* macOS.entitlements */,
			);
			path = macOS;
			sourceTree = "<group>";
		};
		5CC6D4A927E982250001E02E /* Catalyst */ = {
			isa = PBXGroup;
			children = (
				2DD4AB05CBC3261578F319BA /* WeatherApp (iOS).entitlements */,
			);
			path = Catalyst;
			sourceTree = "<group>";
		};
/* End PBXGroup section */

/* Begin PBXNativeTarget section */
		0979807327F6ECDD0034DE5E /* WeatherAppTests */ = {
			isa = PBXNativeTarget;
			buildConfigurationList = 0979807C27F6ECDD0034DE5E /* Build configuration list for PBXNativeTarget "WeatherAppTests" */;
			buildPhases = (
				0979807027F6ECDD0034DE5E /* Sources */,
				0979807127F6ECDD0034DE5E /* Frameworks */,
				0979807227F6ECDD0034DE5E /* Resources */,
			);
			buildRules = (
			);
			dependencies = (
				0979807927F6ECDD0034DE5E /* PBXTargetDependency */,
			);
			name = WeatherAppTests;
			packageProductDependencies = (
			);
			productName = WeatherAppTests;
			productReference = 0979807427F6ECDD0034DE5E /* WeatherAppTests.xctest */;
			productType = "com.apple.product-type.bundle.unit-test";
		};
		5CB711D527E72AE200876C83 /* WeatherApp (iOS) */ = {
			isa = PBXNativeTarget;
			buildConfigurationList = 5CB711E727E72AE200876C83 /* Build configuration list for PBXNativeTarget "WeatherApp (iOS)" */;
			buildPhases = (
				5CB711D227E72AE200876C83 /* Sources */,
				5CB711D327E72AE200876C83 /* Frameworks */,
				5CB711D427E72AE200876C83 /* Resources */,
			);
			buildRules = (
			);
			dependencies = (
			);
			name = "WeatherApp (iOS)";
			packageProductDependencies = (
				5CADBF7827E8E16D006BEF44 /* Kingfisher */,
				09F8E53327F5B17B00F8CF9E /* ComposableArchitecture */,
			);
			productName = "WeatherApp (iOS)";
			productReference = 5CB711D627E72AE200876C83 /* WeatherApp.app */;
			productType = "com.apple.product-type.application";
		};
		5CB711DB27E72AE200876C83 /* WeatherApp (macOS) */ = {
			isa = PBXNativeTarget;
			buildConfigurationList = 5CB711EA27E72AE200876C83 /* Build configuration list for PBXNativeTarget "WeatherApp (macOS)" */;
			buildPhases = (
				5CB711D827E72AE200876C83 /* Sources */,
				5CB711D927E72AE200876C83 /* Frameworks */,
				5CB711DA27E72AE200876C83 /* Resources */,
			);
			buildRules = (
			);
			dependencies = (
			);
			name = "WeatherApp (macOS)";
			packageProductDependencies = (
				5CCEE9C527E86547007428C2 /* Kingfisher */,
				09F8E53527F5B1B400F8CF9E /* ComposableArchitecture */,
			);
			productName = "WeatherApp (macOS)";
			productReference = 5CB711DC27E72AE200876C83 /* WeatherApp.app */;
			productType = "com.apple.product-type.application";
		};
/* End PBXNativeTarget section */

/* Begin PBXProject section */
		5CB711CA27E72AE100876C83 /* Project object */ = {
			isa = PBXProject;
			attributes = {
				BuildIndependentTargetsInParallel = 1;
				LastSwiftUpdateCheck = 1330;
				LastUpgradeCheck = 1330;
				ORGANIZATIONNAME = "";
				TargetAttributes = {
					0979807327F6ECDD0034DE5E = {
						CreatedOnToolsVersion = 13.3;
						TestTargetID = 5CB711D527E72AE200876C83;
					};
					5CB711D527E72AE200876C83 = {
						CreatedOnToolsVersion = 13.3;
					};
					5CB711DB27E72AE200876C83 = {
						CreatedOnToolsVersion = 13.3;
					};
				};
			};
			buildConfigurationList = 5CB711CD27E72AE100876C83 /* Build configuration list for PBXProject "WeatherApp" */;
			compatibilityVersion = "Xcode 13.0";
			developmentRegion = en;
			hasScannedForEncodings = 0;
			knownRegions = (
				en,
				Base,
			);
			mainGroup = 5CB711C927E72AE100876C83;
			packageReferences = (
				5CCEE9C427E86547007428C2 /* XCRemoteSwiftPackageReference "Kingfisher" */,
				09AA1EB327F5A7B50052FC48 /* XCRemoteSwiftPackageReference "swift-composable-architecture" */,
			);
			productRefGroup = 5CB711D727E72AE200876C83 /* Products */;
			projectDirPath = "";
			projectRoot = "";
			targets = (
				5CB711D527E72AE200876C83 /* WeatherApp (iOS) */,
				5CB711DB27E72AE200876C83 /* WeatherApp (macOS) */,
				0979807327F6ECDD0034DE5E /* WeatherAppTests */,
			);
		};
/* End PBXProject section */

/* Begin PBXResourcesBuildPhase section */
		0979807227F6ECDD0034DE5E /* Resources */ = {
			isa = PBXResourcesBuildPhase;
			buildActionMask = 2147483647;
			files = (
				0979807F27F6F85F0034DE5E /* Cities.json in Resources */,
			);
			runOnlyForDeploymentPostprocessing = 0;
		};
		5CB711D427E72AE200876C83 /* Resources */ = {
			isa = PBXResourcesBuildPhase;
			buildActionMask = 2147483647;
			files = (
				5CB711E327E72AE200876C83 /* Assets.xcassets in Resources */,
				2DD4AB65BDD704FB3596E6AF /* Cities.json in Resources */,
			);
			runOnlyForDeploymentPostprocessing = 0;
		};
		5CB711DA27E72AE200876C83 /* Resources */ = {
			isa = PBXResourcesBuildPhase;
			buildActionMask = 2147483647;
			files = (
				5CB711E427E72AE200876C83 /* Assets.xcassets in Resources */,
				2DD4A395D3720D00CB30AD18 /* Cities.json in Resources */,
			);
			runOnlyForDeploymentPostprocessing = 0;
		};
/* End PBXResourcesBuildPhase section */

/* Begin PBXSourcesBuildPhase section */
		0979807027F6ECDD0034DE5E /* Sources */ = {
			isa = PBXSourcesBuildPhase;
			buildActionMask = 2147483647;
			files = (
				0979807727F6ECDD0034DE5E /* WeatherAppTests.swift in Sources */,
			);
			runOnlyForDeploymentPostprocessing = 0;
		};
		5CB711D227E72AE200876C83 /* Sources */ = {
			isa = PBXSourcesBuildPhase;
			buildActionMask = 2147483647;
			files = (
				5CB711DF27E72AE200876C83 /* WeatherApp.swift in Sources */,
				2DD4A182B66837A39D9590C2 /* Helpers.swift in Sources */,
				2DD4A0A577AA10EDDE79CAFA /* Store.swift in Sources */,
				2DD4A6A3B5B079A4550AF7AE /* AppState.swift in Sources */,
				2DD4AF2A754DCE30BFAF01B0 /* AppAction.swift in Sources */,
				2DD4AB0A455816CECFFB4290 /* AppCommand.swift in Sources */,
				2DD4ADCCE31C23E215A13223 /* FindRequest.swift in Sources */,
				2DD4A03FD8DF6E69B087B19C /* OneCallModel.swift in Sources */,
				2DD4A4E519D1B2D0B72A0A15 /* AppError.swift in Sources */,
				2DD4A2B42A3BBEBB1DCEE15F /* OneCallRequest.swift in Sources */,
				2DD4A5681EFA062E6386137C /* FindModel.swift in Sources */,
				2DD4A49CAFAC01016694FAD6 /* SearchView.swift in Sources */,
				2DD4A2C3C7392797FB2D97C0 /* CityViewModel.swift in Sources */,
				2DD4AEDBED8084AABAD915C2 /* FileStorage.swift in Sources */,
				2DD4A0B3D945C615C3A9F8AB /* CityView.swift in Sources */,
				2DD4A822B5B0BC3A58CA43F5 /* DailyForecastDetailView.swift in Sources */,
				2DD4AEB5967B88CC9654206E /* WeatherItems.swift in Sources */,
				589A25ED006D2E0B9BF356F9 /* SearchState.swift in Sources */,
				589A2E72DDC0A1878E63FBB1 /* WeatherClient.swift in Sources */,
			);
			runOnlyForDeploymentPostprocessing = 0;
		};
		5CB711D827E72AE200876C83 /* Sources */ = {
			isa = PBXSourcesBuildPhase;
			buildActionMask = 2147483647;
			files = (
				5CB711E027E72AE200876C83 /* WeatherApp.swift in Sources */,
				2DD4A245B64950586DB890A5 /* Helpers.swift in Sources */,
				2DD4A98EC3643E051F408F1A /* Store.swift in Sources */,
				2DD4A21377888E8083E882CF /* AppState.swift in Sources */,
				2DD4A331AA51888F6CC5AF8A /* AppAction.swift in Sources */,
				2DD4AC263F5E5211F67B6EC0 /* AppCommand.swift in Sources */,
				2DD4ADD0C7261822BCC8993F /* FindRequest.swift in Sources */,
				2DD4AB09F382F6374C636728 /* OneCallModel.swift in Sources */,
				2DD4A5BDF07C5B9F6FC023C5 /* AppError.swift in Sources */,
				2DD4A0FC2C0ED54B630A9CAD /* OneCallRequest.swift in Sources */,
				2DD4A47929C6DEEBD65D7B3B /* FindModel.swift in Sources */,
				2DD4A4BB1E142A984DDDA99E /* SearchView.swift in Sources */,
				2DD4A90C0BF3A4601BCD6957 /* CityViewModel.swift in Sources */,
				2DD4A5232871174EDE81C507 /* FileStorage.swift in Sources */,
				2DD4A2D7377AA6B53B0EB0E3 /* CityView.swift in Sources */,
				2DD4A90B5D784573B7F8B96E /* DailyForecastDetailView.swift in Sources */,
				2DD4AFDBCC25F2819D6695D8 /* WeatherItems.swift in Sources */,
				589A2E449AA23C2A1083DB31 /* SearchState.swift in Sources */,
				589A2274424B3451934F3C4A /* WeatherClient.swift in Sources */,
			);
			runOnlyForDeploymentPostprocessing = 0;
		};
/* End PBXSourcesBuildPhase section */

/* Begin PBXTargetDependency section */
		0979807927F6ECDD0034DE5E /* PBXTargetDependency */ = {
			isa = PBXTargetDependency;
			target = 5CB711D527E72AE200876C83 /* WeatherApp (iOS) */;
			targetProxy = 0979807827F6ECDD0034DE5E /* PBXContainerItemProxy */;
		};
/* End PBXTargetDependency section */

/* Begin XCBuildConfiguration section */
		0979807A27F6ECDD0034DE5E /* Debug */ = {
			isa = XCBuildConfiguration;
			buildSettings = {
				BUNDLE_LOADER = "$(TEST_HOST)";
				CODE_SIGN_STYLE = Automatic;
				CURRENT_PROJECT_VERSION = 1;
				DEVELOPMENT_TEAM = 3S89AQP84V;
				GENERATE_INFOPLIST_FILE = YES;
				IPHONEOS_DEPLOYMENT_TARGET = 15.4;
				MARKETING_VERSION = 1.0;
				PRODUCT_BUNDLE_IDENTIFIER = com.starkrimson.WeatherAppTests;
				PRODUCT_NAME = "$(TARGET_NAME)";
				SDKROOT = iphoneos;
				SWIFT_EMIT_LOC_STRINGS = NO;
				SWIFT_VERSION = 5.0;
				TARGETED_DEVICE_FAMILY = "1,2";
				TEST_HOST = "$(BUILT_PRODUCTS_DIR)/WeatherApp.app/WeatherApp";
			};
			name = Debug;
		};
		0979807B27F6ECDD0034DE5E /* Release */ = {
			isa = XCBuildConfiguration;
			buildSettings = {
				BUNDLE_LOADER = "$(TEST_HOST)";
				CODE_SIGN_STYLE = Automatic;
				CURRENT_PROJECT_VERSION = 1;
				DEVELOPMENT_TEAM = 3S89AQP84V;
				GENERATE_INFOPLIST_FILE = YES;
				IPHONEOS_DEPLOYMENT_TARGET = 15.4;
				MARKETING_VERSION = 1.0;
				PRODUCT_BUNDLE_IDENTIFIER = com.starkrimson.WeatherAppTests;
				PRODUCT_NAME = "$(TARGET_NAME)";
				SDKROOT = iphoneos;
				SWIFT_EMIT_LOC_STRINGS = NO;
				SWIFT_VERSION = 5.0;
				TARGETED_DEVICE_FAMILY = "1,2";
				TEST_HOST = "$(BUILT_PRODUCTS_DIR)/WeatherApp.app/WeatherApp";
				VALIDATE_PRODUCT = YES;
			};
			name = Release;
		};
		5CB711E527E72AE200876C83 /* Debug */ = {
			isa = XCBuildConfiguration;
			buildSettings = {
				ALWAYS_SEARCH_USER_PATHS = NO;
				CLANG_ANALYZER_NONNULL = YES;
				CLANG_ANALYZER_NUMBER_OBJECT_CONVERSION = YES_AGGRESSIVE;
				CLANG_CXX_LANGUAGE_STANDARD = "gnu++17";
				CLANG_ENABLE_MODULES = YES;
				CLANG_ENABLE_OBJC_ARC = YES;
				CLANG_ENABLE_OBJC_WEAK = YES;
				CLANG_WARN_BLOCK_CAPTURE_AUTORELEASING = YES;
				CLANG_WARN_BOOL_CONVERSION = YES;
				CLANG_WARN_COMMA = YES;
				CLANG_WARN_CONSTANT_CONVERSION = YES;
				CLANG_WARN_DEPRECATED_OBJC_IMPLEMENTATIONS = YES;
				CLANG_WARN_DIRECT_OBJC_ISA_USAGE = YES_ERROR;
				CLANG_WARN_DOCUMENTATION_COMMENTS = YES;
				CLANG_WARN_EMPTY_BODY = YES;
				CLANG_WARN_ENUM_CONVERSION = YES;
				CLANG_WARN_INFINITE_RECURSION = YES;
				CLANG_WARN_INT_CONVERSION = YES;
				CLANG_WARN_NON_LITERAL_NULL_CONVERSION = YES;
				CLANG_WARN_OBJC_IMPLICIT_RETAIN_SELF = YES;
				CLANG_WARN_OBJC_LITERAL_CONVERSION = YES;
				CLANG_WARN_OBJC_ROOT_CLASS = YES_ERROR;
				CLANG_WARN_QUOTED_INCLUDE_IN_FRAMEWORK_HEADER = YES;
				CLANG_WARN_RANGE_LOOP_ANALYSIS = YES;
				CLANG_WARN_STRICT_PROTOTYPES = YES;
				CLANG_WARN_SUSPICIOUS_MOVE = YES;
				CLANG_WARN_UNGUARDED_AVAILABILITY = YES_AGGRESSIVE;
				CLANG_WARN_UNREACHABLE_CODE = YES;
				CLANG_WARN__DUPLICATE_METHOD_MATCH = YES;
				COPY_PHASE_STRIP = NO;
				DEBUG_INFORMATION_FORMAT = dwarf;
				ENABLE_STRICT_OBJC_MSGSEND = YES;
				ENABLE_TESTABILITY = YES;
				GCC_C_LANGUAGE_STANDARD = gnu11;
				GCC_DYNAMIC_NO_PIC = NO;
				GCC_NO_COMMON_BLOCKS = YES;
				GCC_OPTIMIZATION_LEVEL = 0;
				GCC_PREPROCESSOR_DEFINITIONS = (
					"DEBUG=1",
					"$(inherited)",
				);
				GCC_WARN_64_TO_32_BIT_CONVERSION = YES;
				GCC_WARN_ABOUT_RETURN_TYPE = YES_ERROR;
				GCC_WARN_UNDECLARED_SELECTOR = YES;
				GCC_WARN_UNINITIALIZED_AUTOS = YES_AGGRESSIVE;
				GCC_WARN_UNUSED_FUNCTION = YES;
				GCC_WARN_UNUSED_VARIABLE = YES;
				MTL_ENABLE_DEBUG_INFO = INCLUDE_SOURCE;
				MTL_FAST_MATH = YES;
				ONLY_ACTIVE_ARCH = YES;
				SWIFT_ACTIVE_COMPILATION_CONDITIONS = DEBUG;
				SWIFT_OPTIMIZATION_LEVEL = "-Onone";
			};
			name = Debug;
		};
		5CB711E627E72AE200876C83 /* Release */ = {
			isa = XCBuildConfiguration;
			buildSettings = {
				ALWAYS_SEARCH_USER_PATHS = NO;
				CLANG_ANALYZER_NONNULL = YES;
				CLANG_ANALYZER_NUMBER_OBJECT_CONVERSION = YES_AGGRESSIVE;
				CLANG_CXX_LANGUAGE_STANDARD = "gnu++17";
				CLANG_ENABLE_MODULES = YES;
				CLANG_ENABLE_OBJC_ARC = YES;
				CLANG_ENABLE_OBJC_WEAK = YES;
				CLANG_WARN_BLOCK_CAPTURE_AUTORELEASING = YES;
				CLANG_WARN_BOOL_CONVERSION = YES;
				CLANG_WARN_COMMA = YES;
				CLANG_WARN_CONSTANT_CONVERSION = YES;
				CLANG_WARN_DEPRECATED_OBJC_IMPLEMENTATIONS = YES;
				CLANG_WARN_DIRECT_OBJC_ISA_USAGE = YES_ERROR;
				CLANG_WARN_DOCUMENTATION_COMMENTS = YES;
				CLANG_WARN_EMPTY_BODY = YES;
				CLANG_WARN_ENUM_CONVERSION = YES;
				CLANG_WARN_INFINITE_RECURSION = YES;
				CLANG_WARN_INT_CONVERSION = YES;
				CLANG_WARN_NON_LITERAL_NULL_CONVERSION = YES;
				CLANG_WARN_OBJC_IMPLICIT_RETAIN_SELF = YES;
				CLANG_WARN_OBJC_LITERAL_CONVERSION = YES;
				CLANG_WARN_OBJC_ROOT_CLASS = YES_ERROR;
				CLANG_WARN_QUOTED_INCLUDE_IN_FRAMEWORK_HEADER = YES;
				CLANG_WARN_RANGE_LOOP_ANALYSIS = YES;
				CLANG_WARN_STRICT_PROTOTYPES = YES;
				CLANG_WARN_SUSPICIOUS_MOVE = YES;
				CLANG_WARN_UNGUARDED_AVAILABILITY = YES_AGGRESSIVE;
				CLANG_WARN_UNREACHABLE_CODE = YES;
				CLANG_WARN__DUPLICATE_METHOD_MATCH = YES;
				COPY_PHASE_STRIP = NO;
				DEBUG_INFORMATION_FORMAT = "dwarf-with-dsym";
				ENABLE_NS_ASSERTIONS = NO;
				ENABLE_STRICT_OBJC_MSGSEND = YES;
				GCC_C_LANGUAGE_STANDARD = gnu11;
				GCC_NO_COMMON_BLOCKS = YES;
				GCC_WARN_64_TO_32_BIT_CONVERSION = YES;
				GCC_WARN_ABOUT_RETURN_TYPE = YES_ERROR;
				GCC_WARN_UNDECLARED_SELECTOR = YES;
				GCC_WARN_UNINITIALIZED_AUTOS = YES_AGGRESSIVE;
				GCC_WARN_UNUSED_FUNCTION = YES;
				GCC_WARN_UNUSED_VARIABLE = YES;
				MTL_ENABLE_DEBUG_INFO = NO;
				MTL_FAST_MATH = YES;
				SWIFT_COMPILATION_MODE = wholemodule;
				SWIFT_OPTIMIZATION_LEVEL = "-O";
			};
			name = Release;
		};
		5CB711E827E72AE200876C83 /* Debug */ = {
			isa = XCBuildConfiguration;
			buildSettings = {
				ASSETCATALOG_COMPILER_APPICON_NAME = AppIcon;
				ASSETCATALOG_COMPILER_GLOBAL_ACCENT_COLOR_NAME = AccentColor;
				CODE_SIGN_ENTITLEMENTS = "Catalyst/WeatherApp (iOS).entitlements";
				CODE_SIGN_IDENTITY = "Apple Development";
				"CODE_SIGN_IDENTITY[sdk=macosx*]" = "Apple Development";
				CODE_SIGN_STYLE = Automatic;
				CURRENT_PROJECT_VERSION = 1;
				DEVELOPMENT_TEAM = 3S89AQP84V;
				"ENABLE_HARDENED_RUNTIME[sdk=macosx*]" = YES;
				ENABLE_PREVIEWS = YES;
				GENERATE_INFOPLIST_FILE = YES;
				INFOPLIST_KEY_UIApplicationSceneManifest_Generation = YES;
				INFOPLIST_KEY_UIApplicationSupportsIndirectInputEvents = YES;
				INFOPLIST_KEY_UILaunchScreen_Generation = YES;
				INFOPLIST_KEY_UISupportedInterfaceOrientations_iPad = "UIInterfaceOrientationPortrait UIInterfaceOrientationPortraitUpsideDown UIInterfaceOrientationLandscapeLeft UIInterfaceOrientationLandscapeRight";
				INFOPLIST_KEY_UISupportedInterfaceOrientations_iPhone = "UIInterfaceOrientationPortrait UIInterfaceOrientationLandscapeLeft UIInterfaceOrientationLandscapeRight";
				IPHONEOS_DEPLOYMENT_TARGET = 15.0;
				LD_RUNPATH_SEARCH_PATHS = (
					"$(inherited)",
					"@executable_path/Frameworks",
				);
				MARKETING_VERSION = 1.0;
				OTHER_LDFLAGS = "";
				PRODUCT_BUNDLE_IDENTIFIER = com.starkrimson.WeatherAppCatalyst;
				PRODUCT_NAME = WeatherApp;
				PROVISIONING_PROFILE_SPECIFIER = "";
				"PROVISIONING_PROFILE_SPECIFIER[sdk=macosx*]" = "";
				SDKROOT = iphoneos;
				SUPPORTS_MACCATALYST = YES;
				SUPPORTS_MAC_DESIGNED_FOR_IPHONE_IPAD = YES;
				SWIFT_EMIT_LOC_STRINGS = YES;
				SWIFT_VERSION = 5.0;
				TARGETED_DEVICE_FAMILY = "1,2";
			};
			name = Debug;
		};
		5CB711E927E72AE200876C83 /* Release */ = {
			isa = XCBuildConfiguration;
			buildSettings = {
				ASSETCATALOG_COMPILER_APPICON_NAME = AppIcon;
				ASSETCATALOG_COMPILER_GLOBAL_ACCENT_COLOR_NAME = AccentColor;
				CODE_SIGN_ENTITLEMENTS = "Catalyst/WeatherApp (iOS).entitlements";
				CODE_SIGN_IDENTITY = "Apple Development";
				"CODE_SIGN_IDENTITY[sdk=macosx*]" = "Apple Development";
				CODE_SIGN_STYLE = Automatic;
				CURRENT_PROJECT_VERSION = 1;
				DEVELOPMENT_TEAM = 3S89AQP84V;
				"ENABLE_HARDENED_RUNTIME[sdk=macosx*]" = YES;
				ENABLE_PREVIEWS = YES;
				GENERATE_INFOPLIST_FILE = YES;
				INFOPLIST_KEY_UIApplicationSceneManifest_Generation = YES;
				INFOPLIST_KEY_UIApplicationSupportsIndirectInputEvents = YES;
				INFOPLIST_KEY_UILaunchScreen_Generation = YES;
				INFOPLIST_KEY_UISupportedInterfaceOrientations_iPad = "UIInterfaceOrientationPortrait UIInterfaceOrientationPortraitUpsideDown UIInterfaceOrientationLandscapeLeft UIInterfaceOrientationLandscapeRight";
				INFOPLIST_KEY_UISupportedInterfaceOrientations_iPhone = "UIInterfaceOrientationPortrait UIInterfaceOrientationLandscapeLeft UIInterfaceOrientationLandscapeRight";
				IPHONEOS_DEPLOYMENT_TARGET = 15.0;
				LD_RUNPATH_SEARCH_PATHS = (
					"$(inherited)",
					"@executable_path/Frameworks",
				);
				MARKETING_VERSION = 1.0;
				OTHER_LDFLAGS = "";
				PRODUCT_BUNDLE_IDENTIFIER = com.starkrimson.WeatherAppCatalyst;
				PRODUCT_NAME = WeatherApp;
				PROVISIONING_PROFILE_SPECIFIER = "";
				"PROVISIONING_PROFILE_SPECIFIER[sdk=macosx*]" = "";
				SDKROOT = iphoneos;
				SUPPORTS_MACCATALYST = YES;
				SUPPORTS_MAC_DESIGNED_FOR_IPHONE_IPAD = YES;
				SWIFT_EMIT_LOC_STRINGS = YES;
				SWIFT_VERSION = 5.0;
				TARGETED_DEVICE_FAMILY = "1,2";
				VALIDATE_PRODUCT = YES;
			};
			name = Release;
		};
		5CB711EB27E72AE200876C83 /* Debug */ = {
			isa = XCBuildConfiguration;
			buildSettings = {
				ASSETCATALOG_COMPILER_APPICON_NAME = AppIcon;
				ASSETCATALOG_COMPILER_GLOBAL_ACCENT_COLOR_NAME = AccentColor;
				CODE_SIGN_ENTITLEMENTS = macOS/macOS.entitlements;
				CODE_SIGN_IDENTITY = "-";
				CODE_SIGN_STYLE = Automatic;
				COMBINE_HIDPI_IMAGES = YES;
				CURRENT_PROJECT_VERSION = 1;
				DEVELOPMENT_TEAM = 3S89AQP84V;
				ENABLE_HARDENED_RUNTIME = YES;
				ENABLE_PREVIEWS = YES;
				GENERATE_INFOPLIST_FILE = YES;
				INFOPLIST_KEY_NSHumanReadableCopyright = "";
				LD_RUNPATH_SEARCH_PATHS = (
					"$(inherited)",
					"@executable_path/../Frameworks",
				);
				MACOSX_DEPLOYMENT_TARGET = 12.0;
				MARKETING_VERSION = 1.0;
				OTHER_LDFLAGS = "";
				PRODUCT_BUNDLE_IDENTIFIER = com.starkrimson.WeatherApp;
				PRODUCT_NAME = WeatherApp;
				SDKROOT = macosx;
				SWIFT_EMIT_LOC_STRINGS = YES;
				SWIFT_VERSION = 5.0;
			};
			name = Debug;
		};
		5CB711EC27E72AE200876C83 /* Release */ = {
			isa = XCBuildConfiguration;
			buildSettings = {
				ASSETCATALOG_COMPILER_APPICON_NAME = AppIcon;
				ASSETCATALOG_COMPILER_GLOBAL_ACCENT_COLOR_NAME = AccentColor;
				CODE_SIGN_ENTITLEMENTS = macOS/macOS.entitlements;
				CODE_SIGN_IDENTITY = "-";
				CODE_SIGN_STYLE = Automatic;
				COMBINE_HIDPI_IMAGES = YES;
				CURRENT_PROJECT_VERSION = 1;
				DEVELOPMENT_TEAM = 3S89AQP84V;
				ENABLE_HARDENED_RUNTIME = YES;
				ENABLE_PREVIEWS = YES;
				GENERATE_INFOPLIST_FILE = YES;
				INFOPLIST_KEY_NSHumanReadableCopyright = "";
				LD_RUNPATH_SEARCH_PATHS = (
					"$(inherited)",
					"@executable_path/../Frameworks",
				);
				MACOSX_DEPLOYMENT_TARGET = 12.0;
				MARKETING_VERSION = 1.0;
				OTHER_LDFLAGS = "";
				PRODUCT_BUNDLE_IDENTIFIER = com.starkrimson.WeatherApp;
				PRODUCT_NAME = WeatherApp;
				SDKROOT = macosx;
				SWIFT_EMIT_LOC_STRINGS = YES;
				SWIFT_VERSION = 5.0;
			};
			name = Release;
		};
/* End XCBuildConfiguration section */

/* Begin XCConfigurationList section */
		0979807C27F6ECDD0034DE5E /* Build configuration list for PBXNativeTarget "WeatherAppTests" */ = {
			isa = XCConfigurationList;
			buildConfigurations = (
				0979807A27F6ECDD0034DE5E /* Debug */,
				0979807B27F6ECDD0034DE5E /* Release */,
			);
			defaultConfigurationIsVisible = 0;
			defaultConfigurationName = Release;
		};
		5CB711CD27E72AE100876C83 /* Build configuration list for PBXProject "WeatherApp" */ = {
			isa = XCConfigurationList;
			buildConfigurations = (
				5CB711E527E72AE200876C83 /* Debug */,
				5CB711E627E72AE200876C83 /* Release */,
			);
			defaultConfigurationIsVisible = 0;
			defaultConfigurationName = Release;
		};
		5CB711E727E72AE200876C83 /* Build configuration list for PBXNativeTarget "WeatherApp (iOS)" */ = {
			isa = XCConfigurationList;
			buildConfigurations = (
				5CB711E827E72AE200876C83 /* Debug */,
				5CB711E927E72AE200876C83 /* Release */,
			);
			defaultConfigurationIsVisible = 0;
			defaultConfigurationName = Release;
		};
		5CB711EA27E72AE200876C83 /* Build configuration list for PBXNativeTarget "WeatherApp (macOS)" */ = {
			isa = XCConfigurationList;
			buildConfigurations = (
				5CB711EB27E72AE200876C83 /* Debug */,
				5CB711EC27E72AE200876C83 /* Release */,
			);
			defaultConfigurationIsVisible = 0;
			defaultConfigurationName = Release;
		};
/* End XCConfigurationList section */

/* Begin XCRemoteSwiftPackageReference section */
		09AA1EB327F5A7B50052FC48 /* XCRemoteSwiftPackageReference "swift-composable-architecture" */ = {
			isa = XCRemoteSwiftPackageReference;
			repositoryURL = "https://github.com/pointfreeco/swift-composable-architecture";
			requirement = {
				branch = main;
				kind = branch;
			};
		};
		5CCEE9C427E86547007428C2 /* XCRemoteSwiftPackageReference "Kingfisher" */ = {
			isa = XCRemoteSwiftPackageReference;
			repositoryURL = "https://github.com/onevcat/Kingfisher.git";
			requirement = {
				kind = upToNextMajorVersion;
				minimumVersion = 7.0.0;
			};
		};
/* End XCRemoteSwiftPackageReference section */

/* Begin XCSwiftPackageProductDependency section */
		09F8E53327F5B17B00F8CF9E /* ComposableArchitecture */ = {
			isa = XCSwiftPackageProductDependency;
			package = 09AA1EB327F5A7B50052FC48 /* XCRemoteSwiftPackageReference "swift-composable-architecture" */;
			productName = ComposableArchitecture;
		};
		09F8E53527F5B1B400F8CF9E /* ComposableArchitecture */ = {
			isa = XCSwiftPackageProductDependency;
			package = 09AA1EB327F5A7B50052FC48 /* XCRemoteSwiftPackageReference "swift-composable-architecture" */;
			productName = ComposableArchitecture;
		};
		5CADBF7827E8E16D006BEF44 /* Kingfisher */ = {
			isa = XCSwiftPackageProductDependency;
			package = 5CCEE9C427E86547007428C2 /* XCRemoteSwiftPackageReference "Kingfisher" */;
			productName = Kingfisher;
		};
		5CCEE9C527E86547007428C2 /* Kingfisher */ = {
			isa = XCSwiftPackageProductDependency;
			package = 5CCEE9C427E86547007428C2 /* XCRemoteSwiftPackageReference "Kingfisher" */;
			productName = Kingfisher;
		};
/* End XCSwiftPackageProductDependency section */
	};
	rootObject = 5CB711CA27E72AE100876C83 /* Project object */;
}
