// !$*UTF8*$!
{
	archiveVersion = 1;
	classes = {
	};
	objectVersion = 55;
	objects = {

/* Begin PBXBuildFile section */
		2DD4A03FD8DF6E69B087B19C /* DataModel.swift in Sources */ = {isa = PBXBuildFile; fileRef = 2DD4A0AAEC3309B973D7B85C /* DataModel.swift */; };
		2DD4A0A577AA10EDDE79CAFA /* Store.swift in Sources */ = {isa = PBXBuildFile; fileRef = 2DD4A3C416A47F0FD3A9369D /* Store.swift */; };
		2DD4A182B66837A39D9590C2 /* Helpers.swift in Sources */ = {isa = PBXBuildFile; fileRef = 2DD4A5C3735A0651D5E90BEC /* Helpers.swift */; };
		2DD4A21377888E8083E882CF /* AppState.swift in Sources */ = {isa = PBXBuildFile; fileRef = 2DD4A7BD61035BC5CA410FA2 /* AppState.swift */; };
		2DD4A245B64950586DB890A5 /* Helpers.swift in Sources */ = {isa = PBXBuildFile; fileRef = 2DD4A5C3735A0651D5E90BEC /* Helpers.swift */; };
		2DD4A2851FE8FE3B779DDEA7 /* ContentView.swift in Sources */ = {isa = PBXBuildFile; fileRef = 2DD4AE91190C17D3C3293317 /* ContentView.swift */; };
		2DD4A2E3CD344076AE32FEF3 /* ViewModel.swift in Sources */ = {isa = PBXBuildFile; fileRef = 2DD4AEBB47C73C9163935346 /* ViewModel.swift */; };
		2DD4A331AA51888F6CC5AF8A /* AppAction.swift in Sources */ = {isa = PBXBuildFile; fileRef = 2DD4A79D53294A446279CC7D /* AppAction.swift */; };
		2DD4A415A9D30C6645359946 /* ContentView.swift in Sources */ = {isa = PBXBuildFile; fileRef = 2DD4AE91190C17D3C3293317 /* ContentView.swift */; };
		2DD4A6245393AE272059F1A1 /* ViewModel.swift in Sources */ = {isa = PBXBuildFile; fileRef = 2DD4AEBB47C73C9163935346 /* ViewModel.swift */; };
		2DD4A6A3B5B079A4550AF7AE /* AppState.swift in Sources */ = {isa = PBXBuildFile; fileRef = 2DD4A7BD61035BC5CA410FA2 /* AppState.swift */; };
		2DD4A98EC3643E051F408F1A /* Store.swift in Sources */ = {isa = PBXBuildFile; fileRef = 2DD4A3C416A47F0FD3A9369D /* Store.swift */; };
		2DD4AB09F382F6374C636728 /* DataModel.swift in Sources */ = {isa = PBXBuildFile; fileRef = 2DD4A0AAEC3309B973D7B85C /* DataModel.swift */; };
		2DD4AB0A455816CECFFB4290 /* AppCommand.swift in Sources */ = {isa = PBXBuildFile; fileRef = 2DD4A1CE4D7498709E83F04D /* AppCommand.swift */; };
		2DD4AC263F5E5211F67B6EC0 /* AppCommand.swift in Sources */ = {isa = PBXBuildFile; fileRef = 2DD4A1CE4D7498709E83F04D /* AppCommand.swift */; };
		2DD4ADCCE31C23E215A13223 /* FindRequest.swift in Sources */ = {isa = PBXBuildFile; fileRef = 2DD4AF5F546C35C2729E85A0 /* FindRequest.swift */; };
		2DD4ADD0C7261822BCC8993F /* FindRequest.swift in Sources */ = {isa = PBXBuildFile; fileRef = 2DD4AF5F546C35C2729E85A0 /* FindRequest.swift */; };
		2DD4AF2A754DCE30BFAF01B0 /* AppAction.swift in Sources */ = {isa = PBXBuildFile; fileRef = 2DD4A79D53294A446279CC7D /* AppAction.swift */; };
		5CB711DF27E72AE200876C83 /* WeatherApp.swift in Sources */ = {isa = PBXBuildFile; fileRef = 5CB711CF27E72AE100876C83 /* WeatherApp.swift */; };
		5CB711E027E72AE200876C83 /* WeatherApp.swift in Sources */ = {isa = PBXBuildFile; fileRef = 5CB711CF27E72AE100876C83 /* WeatherApp.swift */; };
		5CB711E327E72AE200876C83 /* Assets.xcassets in Resources */ = {isa = PBXBuildFile; fileRef = 5CB711D127E72AE200876C83 /* Assets.xcassets */; };
		5CB711E427E72AE200876C83 /* Assets.xcassets in Resources */ = {isa = PBXBuildFile; fileRef = 5CB711D127E72AE200876C83 /* Assets.xcassets */; };
/* End PBXBuildFile section */

/* Begin PBXFileReference section */
		2DD4A0AAEC3309B973D7B85C /* DataModel.swift */ = {isa = PBXFileReference; fileEncoding = 4; lastKnownFileType = sourcecode.swift; path = DataModel.swift; sourceTree = "<group>"; };
		2DD4A1CE4D7498709E83F04D /* AppCommand.swift */ = {isa = PBXFileReference; fileEncoding = 4; lastKnownFileType = sourcecode.swift; path = AppCommand.swift; sourceTree = "<group>"; };
		2DD4A3C416A47F0FD3A9369D /* Store.swift */ = {isa = PBXFileReference; fileEncoding = 4; lastKnownFileType = sourcecode.swift; path = Store.swift; sourceTree = "<group>"; };
		2DD4A5C3735A0651D5E90BEC /* Helpers.swift */ = {isa = PBXFileReference; fileEncoding = 4; lastKnownFileType = sourcecode.swift; path = Helpers.swift; sourceTree = "<group>"; };
		2DD4A79D53294A446279CC7D /* AppAction.swift */ = {isa = PBXFileReference; fileEncoding = 4; lastKnownFileType = sourcecode.swift; path = AppAction.swift; sourceTree = "<group>"; };
		2DD4A7BD61035BC5CA410FA2 /* AppState.swift */ = {isa = PBXFileReference; fileEncoding = 4; lastKnownFileType = sourcecode.swift; path = AppState.swift; sourceTree = "<group>"; };
		2DD4AE91190C17D3C3293317 /* ContentView.swift */ = {isa = PBXFileReference; fileEncoding = 4; lastKnownFileType = sourcecode.swift; path = ContentView.swift; sourceTree = "<group>"; };
		2DD4AEBB47C73C9163935346 /* ViewModel.swift */ = {isa = PBXFileReference; fileEncoding = 4; lastKnownFileType = sourcecode.swift; path = ViewModel.swift; sourceTree = "<group>"; };
		2DD4AF5F546C35C2729E85A0 /* FindRequest.swift */ = {isa = PBXFileReference; fileEncoding = 4; lastKnownFileType = sourcecode.swift; path = FindRequest.swift; sourceTree = "<group>"; };
		5CB711CF27E72AE100876C83 /* WeatherApp.swift */ = {isa = PBXFileReference; lastKnownFileType = sourcecode.swift; path = WeatherApp.swift; sourceTree = "<group>"; };
		5CB711D127E72AE200876C83 /* Assets.xcassets */ = {isa = PBXFileReference; lastKnownFileType = folder.assetcatalog; path = Assets.xcassets; sourceTree = "<group>"; };
		5CB711D627E72AE200876C83 /* WeatherApp.app */ = {isa = PBXFileReference; explicitFileType = wrapper.application; includeInIndex = 0; path = WeatherApp.app; sourceTree = BUILT_PRODUCTS_DIR; };
		5CB711DC27E72AE200876C83 /* WeatherApp.app */ = {isa = PBXFileReference; explicitFileType = wrapper.application; includeInIndex = 0; path = WeatherApp.app; sourceTree = BUILT_PRODUCTS_DIR; };
		5CB711DE27E72AE200876C83 /* macOS.entitlements */ = {isa = PBXFileReference; lastKnownFileType = text.plist.entitlements; path = macOS.entitlements; sourceTree = "<group>"; };
/* End PBXFileReference section */

/* Begin PBXFrameworksBuildPhase section */
		5CB711D327E72AE200876C83 /* Frameworks */ = {
			isa = PBXFrameworksBuildPhase;
			buildActionMask = 2147483647;
			files = (
			);
			runOnlyForDeploymentPostprocessing = 0;
		};
		5CB711D927E72AE200876C83 /* Frameworks */ = {
			isa = PBXFrameworksBuildPhase;
			buildActionMask = 2147483647;
			files = (
			);
			runOnlyForDeploymentPostprocessing = 0;
		};
/* End PBXFrameworksBuildPhase section */

/* Begin PBXGroup section */
		2DD4A1DC6850EDCC09B9F5EA /* ViewModel */ = {
			isa = PBXGroup;
			children = (
				2DD4AEBB47C73C9163935346 /* ViewModel.swift */,
			);
			path = ViewModel;
			sourceTree = "<group>";
		};
		2DD4A27EDA437BA6BF09A8ED /* State */ = {
			isa = PBXGroup;
			children = (
				2DD4A792AD1A793DBAED30D3 /* DataFlow */,
				2DD4AF8DCD6F5A558420AF85 /* Networking */,
			);
			path = State;
			sourceTree = "<group>";
		};
		2DD4A33CE0860E02FE1D2D9C /* View */ = {
			isa = PBXGroup;
			children = (
				2DD4AE91190C17D3C3293317 /* ContentView.swift */,
			);
			path = View;
			sourceTree = "<group>";
		};
		2DD4A4C7E01DEE2592812331 /* DataModel */ = {
			isa = PBXGroup;
			children = (
				2DD4A0AAEC3309B973D7B85C /* DataModel.swift */,
			);
			path = DataModel;
			sourceTree = "<group>";
		};
		2DD4A6433F48C324D04F1131 /* Utils */ = {
			isa = PBXGroup;
			children = (
				2DD4A5C3735A0651D5E90BEC /* Helpers.swift */,
			);
			path = Utils;
			sourceTree = "<group>";
		};
		2DD4A792AD1A793DBAED30D3 /* DataFlow */ = {
			isa = PBXGroup;
			children = (
				2DD4A3C416A47F0FD3A9369D /* Store.swift */,
				2DD4A7BD61035BC5CA410FA2 /* AppState.swift */,
				2DD4A79D53294A446279CC7D /* AppAction.swift */,
				2DD4A1CE4D7498709E83F04D /* AppCommand.swift */,
			);
			path = DataFlow;
			sourceTree = "<group>";
		};
		2DD4AD75121AEE4E2D0EA71F /* Model */ = {
			isa = PBXGroup;
			children = (
				2DD4A4C7E01DEE2592812331 /* DataModel */,
				2DD4A1DC6850EDCC09B9F5EA /* ViewModel */,
			);
			path = Model;
			sourceTree = "<group>";
		};
		2DD4AF8DCD6F5A558420AF85 /* Networking */ = {
			isa = PBXGroup;
			children = (
				2DD4AF5F546C35C2729E85A0 /* FindRequest.swift */,
			);
			path = Networking;
			sourceTree = "<group>";
		};
		5CB711C927E72AE100876C83 = {
			isa = PBXGroup;
			children = (
				5CB711CE27E72AE100876C83 /* Shared */,
				5CB711DD27E72AE200876C83 /* macOS */,
				5CB711D727E72AE200876C83 /* Products */,
			);
			sourceTree = "<group>";
		};
		5CB711CE27E72AE100876C83 /* Shared */ = {
			isa = PBXGroup;
			children = (
				5CB711CF27E72AE100876C83 /* WeatherApp.swift */,
				5CB711D127E72AE200876C83 /* Assets.xcassets */,
				2DD4A6433F48C324D04F1131 /* Utils */,
				2DD4A27EDA437BA6BF09A8ED /* State */,
				2DD4AD75121AEE4E2D0EA71F /* Model */,
				2DD4A33CE0860E02FE1D2D9C /* View */,
			);
			path = Shared;
			sourceTree = "<group>";
		};
		5CB711D727E72AE200876C83 /* Products */ = {
			isa = PBXGroup;
			children = (
				5CB711D627E72AE200876C83 /* WeatherApp.app */,
				5CB711DC27E72AE200876C83 /* WeatherApp.app */,
			);
			name = Products;
			sourceTree = "<group>";
		};
		5CB711DD27E72AE200876C83 /* macOS */ = {
			isa = PBXGroup;
			children = (
				5CB711DE27E72AE200876C83 /* macOS.entitlements */,
			);
			path = macOS;
			sourceTree = "<group>";
		};
/* End PBXGroup section */

/* Begin PBXNativeTarget section */
		5CB711D527E72AE200876C83 /* WeatherApp (iOS) */ = {
			isa = PBXNativeTarget;
			buildConfigurationList = 5CB711E727E72AE200876C83 /* Build configuration list for PBXNativeTarget "WeatherApp (iOS)" */;
			buildPhases = (
				5CB711D227E72AE200876C83 /* Sources */,
				5CB711D327E72AE200876C83 /* Frameworks */,
				5CB711D427E72AE200876C83 /* Resources */,
			);
			buildRules = (
			);
			dependencies = (
			);
			name = "WeatherApp (iOS)";
			productName = "WeatherApp (iOS)";
			productReference = 5CB711D627E72AE200876C83 /* WeatherApp.app */;
			productType = "com.apple.product-type.application";
		};
		5CB711DB27E72AE200876C83 /* WeatherApp (macOS) */ = {
			isa = PBXNativeTarget;
			buildConfigurationList = 5CB711EA27E72AE200876C83 /* Build configuration list for PBXNativeTarget "WeatherApp (macOS)" */;
			buildPhases = (
				5CB711D827E72AE200876C83 /* Sources */,
				5CB711D927E72AE200876C83 /* Frameworks */,
				5CB711DA27E72AE200876C83 /* Resources */,
			);
			buildRules = (
			);
			dependencies = (
			);
			name = "WeatherApp (macOS)";
			productName = "WeatherApp (macOS)";
			productReference = 5CB711DC27E72AE200876C83 /* WeatherApp.app */;
			productType = "com.apple.product-type.application";
		};
/* End PBXNativeTarget section */

/* Begin PBXProject section */
		5CB711CA27E72AE100876C83 /* Project object */ = {
			isa = PBXProject;
			attributes = {
				BuildIndependentTargetsInParallel = 1;
				LastSwiftUpdateCheck = 1330;
				LastUpgradeCheck = 1330;
				TargetAttributes = {
					5CB711D527E72AE200876C83 = {
						CreatedOnToolsVersion = 13.3;
					};
					5CB711DB27E72AE200876C83 = {
						CreatedOnToolsVersion = 13.3;
					};
				};
			};
			buildConfigurationList = 5CB711CD27E72AE100876C83 /* Build configuration list for PBXProject "WeatherApp" */;
			compatibilityVersion = "Xcode 13.0";
			developmentRegion = en;
			hasScannedForEncodings = 0;
			knownRegions = (
				en,
				Base,
			);
			mainGroup = 5CB711C927E72AE100876C83;
			productRefGroup = 5CB711D727E72AE200876C83 /* Products */;
			projectDirPath = "";
			projectRoot = "";
			targets = (
				5CB711D527E72AE200876C83 /* WeatherApp (iOS) */,
				5CB711DB27E72AE200876C83 /* WeatherApp (macOS) */,
			);
		};
/* End PBXProject section */

/* Begin PBXResourcesBuildPhase section */
		5CB711D427E72AE200876C83 /* Resources */ = {
			isa = PBXResourcesBuildPhase;
			buildActionMask = 2147483647;
			files = (
				5CB711E327E72AE200876C83 /* Assets.xcassets in Resources */,
			);
			runOnlyForDeploymentPostprocessing = 0;
		};
		5CB711DA27E72AE200876C83 /* Resources */ = {
			isa = PBXResourcesBuildPhase;
			buildActionMask = 2147483647;
			files = (
				5CB711E427E72AE200876C83 /* Assets.xcassets in Resources */,
			);
			runOnlyForDeploymentPostprocessing = 0;
		};
/* End PBXResourcesBuildPhase section */

/* Begin PBXSourcesBuildPhase section */
		5CB711D227E72AE200876C83 /* Sources */ = {
			isa = PBXSourcesBuildPhase;
			buildActionMask = 2147483647;
			files = (
				5CB711DF27E72AE200876C83 /* WeatherApp.swift in Sources */,
				2DD4A182B66837A39D9590C2 /* Helpers.swift in Sources */,
				2DD4A0A577AA10EDDE79CAFA /* Store.swift in Sources */,
				2DD4A6A3B5B079A4550AF7AE /* AppState.swift in Sources */,
				2DD4AF2A754DCE30BFAF01B0 /* AppAction.swift in Sources */,
				2DD4AB0A455816CECFFB4290 /* AppCommand.swift in Sources */,
				2DD4ADCCE31C23E215A13223 /* FindRequest.swift in Sources */,
				2DD4A03FD8DF6E69B087B19C /* DataModel.swift in Sources */,
				2DD4A6245393AE272059F1A1 /* ViewModel.swift in Sources */,
				2DD4A2851FE8FE3B779DDEA7 /* ContentView.swift in Sources */,
			);
			runOnlyForDeploymentPostprocessing = 0;
		};
		5CB711D827E72AE200876C83 /* Sources */ = {
			isa = PBXSourcesBuildPhase;
			buildActionMask = 2147483647;
			files = (
				5CB711E027E72AE200876C83 /* WeatherApp.swift in Sources */,
				2DD4A245B64950586DB890A5 /* Helpers.swift in Sources */,
				2DD4A98EC3643E051F408F1A /* Store.swift in Sources */,
				2DD4A21377888E8083E882CF /* AppState.swift in Sources */,
				2DD4A331AA51888F6CC5AF8A /* AppAction.swift in Sources */,
				2DD4AC263F5E5211F67B6EC0 /* AppCommand.swift in Sources */,
				2DD4ADD0C7261822BCC8993F /* FindRequest.swift in Sources */,
				2DD4AB09F382F6374C636728 /* DataModel.swift in Sources */,
				2DD4A2E3CD344076AE32FEF3 /* ViewModel.swift in Sources */,
				2DD4A415A9D30C6645359946 /* ContentView.swift in Sources */,
			);
			runOnlyForDeploymentPostprocessing = 0;
		};
/* End PBXSourcesBuildPhase section */

/* Begin XCBuildConfiguration section */
		5CB711E527E72AE200876C83 /* Debug */ = {
			isa = XCBuildConfiguration;
			buildSettings = {
				ALWAYS_SEARCH_USER_PATHS = NO;
				CLANG_ANALYZER_NONNULL = YES;
				CLANG_ANALYZER_NUMBER_OBJECT_CONVERSION = YES_AGGRESSIVE;
				CLANG_CXX_LANGUAGE_STANDARD = "gnu++17";
				CLANG_ENABLE_MODULES = YES;
				CLANG_ENABLE_OBJC_ARC = YES;
				CLANG_ENABLE_OBJC_WEAK = YES;
				CLANG_WARN_BLOCK_CAPTURE_AUTORELEASING = YES;
				CLANG_WARN_BOOL_CONVERSION = YES;
				CLANG_WARN_COMMA = YES;
				CLANG_WARN_CONSTANT_CONVERSION = YES;
				CLANG_WARN_DEPRECATED_OBJC_IMPLEMENTATIONS = YES;
				CLANG_WARN_DIRECT_OBJC_ISA_USAGE = YES_ERROR;
				CLANG_WARN_DOCUMENTATION_COMMENTS = YES;
				CLANG_WARN_EMPTY_BODY = YES;
				CLANG_WARN_ENUM_CONVERSION = YES;
				CLANG_WARN_INFINITE_RECURSION = YES;
				CLANG_WARN_INT_CONVERSION = YES;
				CLANG_WARN_NON_LITERAL_NULL_CONVERSION = YES;
				CLANG_WARN_OBJC_IMPLICIT_RETAIN_SELF = YES;
				CLANG_WARN_OBJC_LITERAL_CONVERSION = YES;
				CLANG_WARN_OBJC_ROOT_CLASS = YES_ERROR;
				CLANG_WARN_QUOTED_INCLUDE_IN_FRAMEWORK_HEADER = YES;
				CLANG_WARN_RANGE_LOOP_ANALYSIS = YES;
				CLANG_WARN_STRICT_PROTOTYPES = YES;
				CLANG_WARN_SUSPICIOUS_MOVE = YES;
				CLANG_WARN_UNGUARDED_AVAILABILITY = YES_AGGRESSIVE;
				CLANG_WARN_UNREACHABLE_CODE = YES;
				CLANG_WARN__DUPLICATE_METHOD_MATCH = YES;
				COPY_PHASE_STRIP = NO;
				DEBUG_INFORMATION_FORMAT = dwarf;
				ENABLE_STRICT_OBJC_MSGSEND = YES;
				ENABLE_TESTABILITY = YES;
				GCC_C_LANGUAGE_STANDARD = gnu11;
				GCC_DYNAMIC_NO_PIC = NO;
				GCC_NO_COMMON_BLOCKS = YES;
				GCC_OPTIMIZATION_LEVEL = 0;
				GCC_PREPROCESSOR_DEFINITIONS = (
					"DEBUG=1",
					"$(inherited)",
				);
				GCC_WARN_64_TO_32_BIT_CONVERSION = YES;
				GCC_WARN_ABOUT_RETURN_TYPE = YES_ERROR;
				GCC_WARN_UNDECLARED_SELECTOR = YES;
				GCC_WARN_UNINITIALIZED_AUTOS = YES_AGGRESSIVE;
				GCC_WARN_UNUSED_FUNCTION = YES;
				GCC_WARN_UNUSED_VARIABLE = YES;
				MTL_ENABLE_DEBUG_INFO = INCLUDE_SOURCE;
				MTL_FAST_MATH = YES;
				ONLY_ACTIVE_ARCH = YES;
				SWIFT_ACTIVE_COMPILATION_CONDITIONS = DEBUG;
				SWIFT_OPTIMIZATION_LEVEL = "-Onone";
			};
			name = Debug;
		};
		5CB711E627E72AE200876C83 /* Release */ = {
			isa = XCBuildConfiguration;
			buildSettings = {
				ALWAYS_SEARCH_USER_PATHS = NO;
				CLANG_ANALYZER_NONNULL = YES;
				CLANG_ANALYZER_NUMBER_OBJECT_CONVERSION = YES_AGGRESSIVE;
				CLANG_CXX_LANGUAGE_STANDARD = "gnu++17";
				CLANG_ENABLE_MODULES = YES;
				CLANG_ENABLE_OBJC_ARC = YES;
				CLANG_ENABLE_OBJC_WEAK = YES;
				CLANG_WARN_BLOCK_CAPTURE_AUTORELEASING = YES;
				CLANG_WARN_BOOL_CONVERSION = YES;
				CLANG_WARN_COMMA = YES;
				CLANG_WARN_CONSTANT_CONVERSION = YES;
				CLANG_WARN_DEPRECATED_OBJC_IMPLEMENTATIONS = YES;
				CLANG_WARN_DIRECT_OBJC_ISA_USAGE = YES_ERROR;
				CLANG_WARN_DOCUMENTATION_COMMENTS = YES;
				CLANG_WARN_EMPTY_BODY = YES;
				CLANG_WARN_ENUM_CONVERSION = YES;
				CLANG_WARN_INFINITE_RECURSION = YES;
				CLANG_WARN_INT_CONVERSION = YES;
				CLANG_WARN_NON_LITERAL_NULL_CONVERSION = YES;
				CLANG_WARN_OBJC_IMPLICIT_RETAIN_SELF = YES;
				CLANG_WARN_OBJC_LITERAL_CONVERSION = YES;
				CLANG_WARN_OBJC_ROOT_CLASS = YES_ERROR;
				CLANG_WARN_QUOTED_INCLUDE_IN_FRAMEWORK_HEADER = YES;
				CLANG_WARN_RANGE_LOOP_ANALYSIS = YES;
				CLANG_WARN_STRICT_PROTOTYPES = YES;
				CLANG_WARN_SUSPICIOUS_MOVE = YES;
				CLANG_WARN_UNGUARDED_AVAILABILITY = YES_AGGRESSIVE;
				CLANG_WARN_UNREACHABLE_CODE = YES;
				CLANG_WARN__DUPLICATE_METHOD_MATCH = YES;
				COPY_PHASE_STRIP = NO;
				DEBUG_INFORMATION_FORMAT = "dwarf-with-dsym";
				ENABLE_NS_ASSERTIONS = NO;
				ENABLE_STRICT_OBJC_MSGSEND = YES;
				GCC_C_LANGUAGE_STANDARD = gnu11;
				GCC_NO_COMMON_BLOCKS = YES;
				GCC_WARN_64_TO_32_BIT_CONVERSION = YES;
				GCC_WARN_ABOUT_RETURN_TYPE = YES_ERROR;
				GCC_WARN_UNDECLARED_SELECTOR = YES;
				GCC_WARN_UNINITIALIZED_AUTOS = YES_AGGRESSIVE;
				GCC_WARN_UNUSED_FUNCTION = YES;
				GCC_WARN_UNUSED_VARIABLE = YES;
				MTL_ENABLE_DEBUG_INFO = NO;
				MTL_FAST_MATH = YES;
				SWIFT_COMPILATION_MODE = wholemodule;
				SWIFT_OPTIMIZATION_LEVEL = "-O";
			};
			name = Release;
		};
		5CB711E827E72AE200876C83 /* Debug */ = {
			isa = XCBuildConfiguration;
			buildSettings = {
				ASSETCATALOG_COMPILER_APPICON_NAME = AppIcon;
				ASSETCATALOG_COMPILER_GLOBAL_ACCENT_COLOR_NAME = AccentColor;
				CODE_SIGN_STYLE = Automatic;
				CURRENT_PROJECT_VERSION = 1;
				DEVELOPMENT_TEAM = 3S89AQP84V;
				ENABLE_PREVIEWS = YES;
				GENERATE_INFOPLIST_FILE = YES;
				INFOPLIST_KEY_UIApplicationSceneManifest_Generation = YES;
				INFOPLIST_KEY_UIApplicationSupportsIndirectInputEvents = YES;
				INFOPLIST_KEY_UILaunchScreen_Generation = YES;
				INFOPLIST_KEY_UISupportedInterfaceOrientations_iPad = "UIInterfaceOrientationPortrait UIInterfaceOrientationPortraitUpsideDown UIInterfaceOrientationLandscapeLeft UIInterfaceOrientationLandscapeRight";
				INFOPLIST_KEY_UISupportedInterfaceOrientations_iPhone = "UIInterfaceOrientationPortrait UIInterfaceOrientationLandscapeLeft UIInterfaceOrientationLandscapeRight";
				IPHONEOS_DEPLOYMENT_TARGET = 15.4;
				LD_RUNPATH_SEARCH_PATHS = (
					"$(inherited)",
					"@executable_path/Frameworks",
				);
				MARKETING_VERSION = 1.0;
				PRODUCT_BUNDLE_IDENTIFIER = com.starkrimson.WeatherApp;
				PRODUCT_NAME = WeatherApp;
				SDKROOT = iphoneos;
				SWIFT_EMIT_LOC_STRINGS = YES;
				SWIFT_VERSION = 5.0;
				TARGETED_DEVICE_FAMILY = "1,2";
			};
			name = Debug;
		};
		5CB711E927E72AE200876C83 /* Release */ = {
			isa = XCBuildConfiguration;
			buildSettings = {
				ASSETCATALOG_COMPILER_APPICON_NAME = AppIcon;
				ASSETCATALOG_COMPILER_GLOBAL_ACCENT_COLOR_NAME = AccentColor;
				CODE_SIGN_STYLE = Automatic;
				CURRENT_PROJECT_VERSION = 1;
				DEVELOPMENT_TEAM = 3S89AQP84V;
				ENABLE_PREVIEWS = YES;
				GENERATE_INFOPLIST_FILE = YES;
				INFOPLIST_KEY_UIApplicationSceneManifest_Generation = YES;
				INFOPLIST_KEY_UIApplicationSupportsIndirectInputEvents = YES;
				INFOPLIST_KEY_UILaunchScreen_Generation = YES;
				INFOPLIST_KEY_UISupportedInterfaceOrientations_iPad = "UIInterfaceOrientationPortrait UIInterfaceOrientationPortraitUpsideDown UIInterfaceOrientationLandscapeLeft UIInterfaceOrientationLandscapeRight";
				INFOPLIST_KEY_UISupportedInterfaceOrientations_iPhone = "UIInterfaceOrientationPortrait UIInterfaceOrientationLandscapeLeft UIInterfaceOrientationLandscapeRight";
				IPHONEOS_DEPLOYMENT_TARGET = 15.4;
				LD_RUNPATH_SEARCH_PATHS = (
					"$(inherited)",
					"@executable_path/Frameworks",
				);
				MARKETING_VERSION = 1.0;
				PRODUCT_BUNDLE_IDENTIFIER = com.starkrimson.WeatherApp;
				PRODUCT_NAME = WeatherApp;
				SDKROOT = iphoneos;
				SWIFT_EMIT_LOC_STRINGS = YES;
				SWIFT_VERSION = 5.0;
				TARGETED_DEVICE_FAMILY = "1,2";
				VALIDATE_PRODUCT = YES;
			};
			name = Release;
		};
		5CB711EB27E72AE200876C83 /* Debug */ = {
			isa = XCBuildConfiguration;
			buildSettings = {
				ASSETCATALOG_COMPILER_APPICON_NAME = AppIcon;
				ASSETCATALOG_COMPILER_GLOBAL_ACCENT_COLOR_NAME = AccentColor;
				CODE_SIGN_ENTITLEMENTS = macOS/macOS.entitlements;
				CODE_SIGN_IDENTITY = "-";
				CODE_SIGN_STYLE = Automatic;
				COMBINE_HIDPI_IMAGES = YES;
				CURRENT_PROJECT_VERSION = 1;
				DEVELOPMENT_TEAM = 3S89AQP84V;
				ENABLE_HARDENED_RUNTIME = YES;
				ENABLE_PREVIEWS = YES;
				GENERATE_INFOPLIST_FILE = YES;
				INFOPLIST_KEY_NSHumanReadableCopyright = "";
				LD_RUNPATH_SEARCH_PATHS = (
					"$(inherited)",
					"@executable_path/../Frameworks",
				);
				MACOSX_DEPLOYMENT_TARGET = 12.0;
				MARKETING_VERSION = 1.0;
				PRODUCT_BUNDLE_IDENTIFIER = com.starkrimson.WeatherApp;
				PRODUCT_NAME = WeatherApp;
				SDKROOT = macosx;
				SWIFT_EMIT_LOC_STRINGS = YES;
				SWIFT_VERSION = 5.0;
			};
			name = Debug;
		};
		5CB711EC27E72AE200876C83 /* Release */ = {
			isa = XCBuildConfiguration;
			buildSettings = {
				ASSETCATALOG_COMPILER_APPICON_NAME = AppIcon;
				ASSETCATALOG_COMPILER_GLOBAL_ACCENT_COLOR_NAME = AccentColor;
				CODE_SIGN_ENTITLEMENTS = macOS/macOS.entitlements;
				CODE_SIGN_IDENTITY = "-";
				CODE_SIGN_STYLE = Automatic;
				COMBINE_HIDPI_IMAGES = YES;
				CURRENT_PROJECT_VERSION = 1;
				DEVELOPMENT_TEAM = 3S89AQP84V;
				ENABLE_HARDENED_RUNTIME = YES;
				ENABLE_PREVIEWS = YES;
				GENERATE_INFOPLIST_FILE = YES;
				INFOPLIST_KEY_NSHumanReadableCopyright = "";
				LD_RUNPATH_SEARCH_PATHS = (
					"$(inherited)",
					"@executable_path/../Frameworks",
				);
				MACOSX_DEPLOYMENT_TARGET = 12.0;
				MARKETING_VERSION = 1.0;
				PRODUCT_BUNDLE_IDENTIFIER = com.starkrimson.WeatherApp;
				PRODUCT_NAME = WeatherApp;
				SDKROOT = macosx;
				SWIFT_EMIT_LOC_STRINGS = YES;
				SWIFT_VERSION = 5.0;
			};
			name = Release;
		};
/* End XCBuildConfiguration section */

/* Begin XCConfigurationList section */
		5CB711CD27E72AE100876C83 /* Build configuration list for PBXProject "WeatherApp" */ = {
			isa = XCConfigurationList;
			buildConfigurations = (
				5CB711E527E72AE200876C83 /* Debug */,
				5CB711E627E72AE200876C83 /* Release */,
			);
			defaultConfigurationIsVisible = 0;
			defaultConfigurationName = Release;
		};
		5CB711E727E72AE200876C83 /* Build configuration list for PBXNativeTarget "WeatherApp (iOS)" */ = {
			isa = XCConfigurationList;
			buildConfigurations = (
				5CB711E827E72AE200876C83 /* Debug */,
				5CB711E927E72AE200876C83 /* Release */,
			);
			defaultConfigurationIsVisible = 0;
			defaultConfigurationName = Release;
		};
		5CB711EA27E72AE200876C83 /* Build configuration list for PBXNativeTarget "WeatherApp (macOS)" */ = {
			isa = XCConfigurationList;
			buildConfigurations = (
				5CB711EB27E72AE200876C83 /* Debug */,
				5CB711EC27E72AE200876C83 /* Release */,
			);
			defaultConfigurationIsVisible = 0;
			defaultConfigurationName = Release;
		};
/* End XCConfigurationList section */
	};
	rootObject = 5CB711CA27E72AE100876C83 /* Project object */;
}
